
Microsoft Visual Studio Solution File, Format Version 12.00
# Visual Studio Version 16
VisualStudioVersion = 16.0.31702.278
MinimumVisualStudioVersion = 10.0.40219.1
Project("{FAE04EC0-301F-11D3-BF4B-00C04F79EFBC}") = "EmployeeManagement.Models", "EmployeeManagement.Models\EmployeeManagement.Models.csproj", "{9A4AFD05-6307-459D-B462-62632C9C0EF1}"
EndProject
Project("{FAE04EC0-301F-11D3-BF4B-00C04F79EFBC}") = "EmployeeManagement.Web", "EmployeeManagement.Web\EmployeeManagement.Web.csproj", "{5FAA0451-D609-443C-B6EE-F2CFF2196DBE}"
EndProject
Project("{FAE04EC0-301F-11D3-BF4B-00C04F79EFBC}") = "EmployeeManagement.Api", "EmployeeManagement.Api\EmployeeManagement.Api.csproj", "{6F11E4A1-4598-488A-8776-4A40B0F8CA11}"
EndProject
Global
	GlobalSection(SolutionConfigurationPlatforms) = preSolution
		Debug|Any CPU = Debug|Any CPU
		Release|Any CPU = Release|Any CPU
	EndGlobalSection
	GlobalSection(ProjectConfigurationPlatforms) = postSolution
		{9A4AFD05-6307-459D-B462-62632C9C0EF1}.Debug|Any CPU.ActiveCfg = Debug|Any CPU
		{9A4AFD05-6307-459D-B462-62632C9C0EF1}.Debug|Any CPU.Build.0 = Debug|Any CPU
		{9A4AFD05-6307-459D-B462-62632C9C0EF1}.Release|Any CPU.ActiveCfg = Release|Any CPU
		{9A4AFD05-6307-459D-B462-62632C9C0EF1}.Release|Any CPU.Build.0 = Release|Any CPU
		{5FAA0451-D609-443C-B6EE-F2CFF2196DBE}.Debug|Any CPU.ActiveCfg = Debug|Any CPU
		{5FAA0451-D609-443C-B6EE-F2CFF2196DBE}.Debug|Any CPU.Build.0 = Debug|Any CPU
		{5FAA0451-D609-443C-B6EE-F2CFF2196DBE}.Release|Any CPU.ActiveCfg = Release|Any CPU
		{5FAA0451-D609-443C-B6EE-F2CFF2196DBE}.Release|Any CPU.Build.0 = Release|Any CPU
		{6F11E4A1-4598-488A-8776-4A40B0F8CA11}.Debug|Any CPU.ActiveCfg = Debug|Any CPU
		{6F11E4A1-4598-488A-8776-4A40B0F8CA11}.Debug|Any CPU.Build.0 = Debug|Any CPU
		{6F11E4A1-4598-488A-8776-4A40B0F8CA11}.Release|Any CPU.ActiveCfg = Release|Any CPU
		{6F11E4A1-4598-488A-8776-4A40B0F8CA11}.Release|Any CPU.Build.0 = Release|Any CPU
	EndGlobalSection
	GlobalSection(SolutionProperties) = preSolution
		HideSolutionNode = FALSE
	EndGlobalSection
	GlobalSection(ExtensibilityGlobals) = postSolution
		SolutionGuid = {A18EF228-3A88-4950-A4F7-15665CE4DF89}
	EndGlobalSection
EndGlobal
